
Microsoft Visual Studio Solution File, Format Version 12.00
# Visual Studio 2013
VisualStudioVersion = 12.0.40629.0
MinimumVisualStudioVersion = 10.0.40219.1
Project("{8BC9CEB8-8B4A-11D0-8D11-00A0C91BC942}") = "Engine", "Engine\Engine.vcxproj", "{69BBDDAD-092C-40F7-9723-EA7F7B8E6F7A}"
EndProject
Project("{2150E333-8FDC-42A3-9474-1A3956D46DE8}") = "Solution Items", "Solution Items", "{367E0DD7-2856-4268-8A35-9FDF09F81723}"
	ProjectSection(SolutionItems) = preProject
		Performance1.psess = Performance1.psess
		Performance2.psess = Performance2.psess
	EndProjectSection
EndProject
Project("{8BC9CEB8-8B4A-11D0-8D11-00A0C91BC942}") = "Procyon", "Procyon\Procyon.vcxproj", "{B12702AD-ABFB-343A-A199-8E24837244A3}"
EndProject
Project("{8BC9CEB8-8B4A-11D0-8D11-00A0C91BC942}") = "TestFramework", "TestFramework\TestFramework.vcxproj", "{72B8F6CD-D0E6-45D7-9217-DE045566A322}"
	ProjectSection(ProjectDependencies) = postProject
		{69BBDDAD-092C-40F7-9723-EA7F7B8E6F7A} = {69BBDDAD-092C-40F7-9723-EA7F7B8E6F7A}
	EndProjectSection
EndProject
Project("{8BC9CEB8-8B4A-11D0-8D11-00A0C91BC942}") = "Game", "Game\Game.vcxproj", "{3C6508F8-1313-483C-9693-27C2B3B843A4}"
	ProjectSection(ProjectDependencies) = postProject
		{69BBDDAD-092C-40F7-9723-EA7F7B8E6F7A} = {69BBDDAD-092C-40F7-9723-EA7F7B8E6F7A}
	EndProjectSection
EndProject
Project("{8BC9CEB8-8B4A-11D0-8D11-00A0C91BC942}") = "ComparativeTesting", "ComparativeTesting\ComparativeTesting.vcxproj", "{00D0B578-DD9D-41E3-9ED2-EBC72993D3A5}"
EndProject
Project("{8BC9CEB8-8B4A-11D0-8D11-00A0C91BC942}") = "L3D_Testing", "L3D_Testing\L3D_Testing.vcxproj", "{F8F4278F-4E6D-4E57-BF0E-56EF5AA165F7}"
EndProject
Project("{8BC9CEB8-8B4A-11D0-8D11-00A0C91BC942}") = "Lupus3D", "Lupus3D\Lupus3D.vcxproj", "{B380E897-11CA-42F3-BE03-7FE237F85F06}"
EndProject
Project("{FAE04EC0-301F-11D3-BF4B-00C04F79EFBC}") = "testing", "testing\testing.csproj", "{73EBABD0-D4AA-4F06-9B7B-B3050626ACFD}"
EndProject
Global
	GlobalSection(SolutionConfigurationPlatforms) = preSolution
		Debug|Any CPU = Debug|Any CPU
		Debug|ARM = Debug|ARM
		Debug|Mixed Platforms = Debug|Mixed Platforms
		Debug|Win32 = Debug|Win32
		Debug|x64 = Debug|x64
		Debug|x86 = Debug|x86
		Release|Any CPU = Release|Any CPU
		Release|ARM = Release|ARM
		Release|Mixed Platforms = Release|Mixed Platforms
		Release|Win32 = Release|Win32
		Release|x64 = Release|x64
		Release|x86 = Release|x86
	EndGlobalSection
	GlobalSection(ProjectConfigurationPlatforms) = postSolution
		{69BBDDAD-092C-40F7-9723-EA7F7B8E6F7A}.Debug|Any CPU.ActiveCfg = Debug|Win32
		{69BBDDAD-092C-40F7-9723-EA7F7B8E6F7A}.Debug|ARM.ActiveCfg = Debug|ARM
		{69BBDDAD-092C-40F7-9723-EA7F7B8E6F7A}.Debug|ARM.Build.0 = Debug|ARM
		{69BBDDAD-092C-40F7-9723-EA7F7B8E6F7A}.Debug|Mixed Platforms.ActiveCfg = Debug|Win32
		{69BBDDAD-092C-40F7-9723-EA7F7B8E6F7A}.Debug|Mixed Platforms.Build.0 = Debug|Win32
		{69BBDDAD-092C-40F7-9723-EA7F7B8E6F7A}.Debug|Win32.ActiveCfg = Debug|Win32
		{69BBDDAD-092C-40F7-9723-EA7F7B8E6F7A}.Debug|Win32.Build.0 = Debug|Win32
		{69BBDDAD-092C-40F7-9723-EA7F7B8E6F7A}.Debug|x64.ActiveCfg = Debug|x64
		{69BBDDAD-092C-40F7-9723-EA7F7B8E6F7A}.Debug|x64.Build.0 = Debug|x64
		{69BBDDAD-092C-40F7-9723-EA7F7B8E6F7A}.Debug|x86.ActiveCfg = Debug|Win32
		{69BBDDAD-092C-40F7-9723-EA7F7B8E6F7A}.Debug|x86.Build.0 = Debug|Win32
		{69BBDDAD-092C-40F7-9723-EA7F7B8E6F7A}.Release|Any CPU.ActiveCfg = Release|Win32
		{69BBDDAD-092C-40F7-9723-EA7F7B8E6F7A}.Release|ARM.ActiveCfg = Release|ARM
		{69BBDDAD-092C-40F7-9723-EA7F7B8E6F7A}.Release|ARM.Build.0 = Release|ARM
		{69BBDDAD-092C-40F7-9723-EA7F7B8E6F7A}.Release|Mixed Platforms.ActiveCfg = Release|Win32
		{69BBDDAD-092C-40F7-9723-EA7F7B8E6F7A}.Release|Mixed Platforms.Build.0 = Release|Win32
		{69BBDDAD-092C-40F7-9723-EA7F7B8E6F7A}.Release|Win32.ActiveCfg = Release|Win32
		{69BBDDAD-092C-40F7-9723-EA7F7B8E6F7A}.Release|Win32.Build.0 = Release|Win32
		{69BBDDAD-092C-40F7-9723-EA7F7B8E6F7A}.Release|x64.ActiveCfg = Release|x64
		{69BBDDAD-092C-40F7-9723-EA7F7B8E6F7A}.Release|x64.Build.0 = Release|x64
		{69BBDDAD-092C-40F7-9723-EA7F7B8E6F7A}.Release|x86.ActiveCfg = Release|Win32
		{69BBDDAD-092C-40F7-9723-EA7F7B8E6F7A}.Release|x86.Build.0 = Release|Win32
		{B12702AD-ABFB-343A-A199-8E24837244A3}.Debug|Any CPU.ActiveCfg = Debug|Win32
		{B12702AD-ABFB-343A-A199-8E24837244A3}.Debug|ARM.ActiveCfg = Debug|ARM
		{B12702AD-ABFB-343A-A199-8E24837244A3}.Debug|ARM.Build.0 = Debug|ARM
		{B12702AD-ABFB-343A-A199-8E24837244A3}.Debug|Mixed Platforms.ActiveCfg = Debug|Win32
		{B12702AD-ABFB-343A-A199-8E24837244A3}.Debug|Mixed Platforms.Build.0 = Debug|Win32
		{B12702AD-ABFB-343A-A199-8E24837244A3}.Debug|Win32.ActiveCfg = Debug|Win32
		{B12702AD-ABFB-343A-A199-8E24837244A3}.Debug|Win32.Build.0 = Debug|Win32
		{B12702AD-ABFB-343A-A199-8E24837244A3}.Debug|x64.ActiveCfg = Debug|x64
		{B12702AD-ABFB-343A-A199-8E24837244A3}.Debug|x64.Build.0 = Debug|x64
		{B12702AD-ABFB-343A-A199-8E24837244A3}.Debug|x86.ActiveCfg = Debug|Win32
		{B12702AD-ABFB-343A-A199-8E24837244A3}.Debug|x86.Build.0 = Debug|Win32
		{B12702AD-ABFB-343A-A199-8E24837244A3}.Release|Any CPU.ActiveCfg = Release|Win32
		{B12702AD-ABFB-343A-A199-8E24837244A3}.Release|ARM.ActiveCfg = Release|ARM
		{B12702AD-ABFB-343A-A199-8E24837244A3}.Release|ARM.Build.0 = Release|ARM
		{B12702AD-ABFB-343A-A199-8E24837244A3}.Release|Mixed Platforms.ActiveCfg = Release|Win32
		{B12702AD-ABFB-343A-A199-8E24837244A3}.Release|Mixed Platforms.Build.0 = Release|Win32
		{B12702AD-ABFB-343A-A199-8E24837244A3}.Release|Win32.ActiveCfg = Release|Win32
		{B12702AD-ABFB-343A-A199-8E24837244A3}.Release|Win32.Build.0 = Release|Win32
		{B12702AD-ABFB-343A-A199-8E24837244A3}.Release|x64.ActiveCfg = Release|x64
		{B12702AD-ABFB-343A-A199-8E24837244A3}.Release|x64.Build.0 = Release|x64
		{B12702AD-ABFB-343A-A199-8E24837244A3}.Release|x86.ActiveCfg = Release|Win32
		{B12702AD-ABFB-343A-A199-8E24837244A3}.Release|x86.Build.0 = Release|Win32
		{72B8F6CD-D0E6-45D7-9217-DE045566A322}.Debug|Any CPU.ActiveCfg = Debug|Win32
		{72B8F6CD-D0E6-45D7-9217-DE045566A322}.Debug|ARM.ActiveCfg = Debug|ARM
		{72B8F6CD-D0E6-45D7-9217-DE045566A322}.Debug|ARM.Build.0 = Debug|ARM
		{72B8F6CD-D0E6-45D7-9217-DE045566A322}.Debug|Mixed Platforms.ActiveCfg = Debug|Win32
		{72B8F6CD-D0E6-45D7-9217-DE045566A322}.Debug|Mixed Platforms.Build.0 = Debug|Win32
		{72B8F6CD-D0E6-45D7-9217-DE045566A322}.Debug|Win32.ActiveCfg = Debug|Win32
		{72B8F6CD-D0E6-45D7-9217-DE045566A322}.Debug|Win32.Build.0 = Debug|Win32
		{72B8F6CD-D0E6-45D7-9217-DE045566A322}.Debug|x64.ActiveCfg = Debug|Win32
		{72B8F6CD-D0E6-45D7-9217-DE045566A322}.Debug|x86.ActiveCfg = Debug|Win32
		{72B8F6CD-D0E6-45D7-9217-DE045566A322}.Debug|x86.Build.0 = Debug|Win32
		{72B8F6CD-D0E6-45D7-9217-DE045566A322}.Release|Any CPU.ActiveCfg = Release|Win32
		{72B8F6CD-D0E6-45D7-9217-DE045566A322}.Release|ARM.ActiveCfg = Release|ARM
		{72B8F6CD-D0E6-45D7-9217-DE045566A322}.Release|ARM.Build.0 = Release|ARM
		{72B8F6CD-D0E6-45D7-9217-DE045566A322}.Release|Mixed Platforms.ActiveCfg = Release|Win32
		{72B8F6CD-D0E6-45D7-9217-DE045566A322}.Release|Mixed Platforms.Build.0 = Release|Win32
		{72B8F6CD-D0E6-45D7-9217-DE045566A322}.Release|Win32.ActiveCfg = Release|Win32
		{72B8F6CD-D0E6-45D7-9217-DE045566A322}.Release|Win32.Build.0 = Release|Win32
		{72B8F6CD-D0E6-45D7-9217-DE045566A322}.Release|x64.ActiveCfg = Release|Win32
		{72B8F6CD-D0E6-45D7-9217-DE045566A322}.Release|x86.ActiveCfg = Release|Win32
		{72B8F6CD-D0E6-45D7-9217-DE045566A322}.Release|x86.Build.0 = Release|Win32
		{3C6508F8-1313-483C-9693-27C2B3B843A4}.Debug|Any CPU.ActiveCfg = Debug|Win32
		{3C6508F8-1313-483C-9693-27C2B3B843A4}.Debug|ARM.ActiveCfg = Debug|ARM
		{3C6508F8-1313-483C-9693-27C2B3B843A4}.Debug|ARM.Build.0 = Debug|ARM
		{3C6508F8-1313-483C-9693-27C2B3B843A4}.Debug|Mixed Platforms.ActiveCfg = Debug|Win32
		{3C6508F8-1313-483C-9693-27C2B3B843A4}.Debug|Mixed Platforms.Build.0 = Debug|Win32
		{3C6508F8-1313-483C-9693-27C2B3B843A4}.Debug|Win32.ActiveCfg = Debug|Win32
		{3C6508F8-1313-483C-9693-27C2B3B843A4}.Debug|Win32.Build.0 = Debug|Win32
		{3C6508F8-1313-483C-9693-27C2B3B843A4}.Debug|x64.ActiveCfg = Debug|Win32
		{3C6508F8-1313-483C-9693-27C2B3B843A4}.Debug|x86.ActiveCfg = Debug|Win32
		{3C6508F8-1313-483C-9693-27C2B3B843A4}.Debug|x86.Build.0 = Debug|Win32
		{3C6508F8-1313-483C-9693-27C2B3B843A4}.Release|Any CPU.ActiveCfg = Release|Win32
		{3C6508F8-1313-483C-9693-27C2B3B843A4}.Release|ARM.ActiveCfg = Release|ARM
		{3C6508F8-1313-483C-9693-27C2B3B843A4}.Release|ARM.Build.0 = Release|ARM
		{3C6508F8-1313-483C-9693-27C2B3B843A4}.Release|Mixed Platforms.ActiveCfg = Release|Win32
		{3C6508F8-1313-483C-9693-27C2B3B843A4}.Release|Mixed Platforms.Build.0 = Release|Win32
		{3C6508F8-1313-483C-9693-27C2B3B843A4}.Release|Win32.ActiveCfg = Release|Win32
		{3C6508F8-1313-483C-9693-27C2B3B843A4}.Release|Win32.Build.0 = Release|Win32
		{3C6508F8-1313-483C-9693-27C2B3B843A4}.Release|x64.ActiveCfg = Release|Win32
		{3C6508F8-1313-483C-9693-27C2B3B843A4}.Release|x86.ActiveCfg = Release|Win32
		{3C6508F8-1313-483C-9693-27C2B3B843A4}.Release|x86.Build.0 = Release|Win32
		{00D0B578-DD9D-41E3-9ED2-EBC72993D3A5}.Debug|Any CPU.ActiveCfg = Debug|Win32
		{00D0B578-DD9D-41E3-9ED2-EBC72993D3A5}.Debug|ARM.ActiveCfg = Debug|Win32
		{00D0B578-DD9D-41E3-9ED2-EBC72993D3A5}.Debug|Mixed Platforms.ActiveCfg = Debug|Win32
		{00D0B578-DD9D-41E3-9ED2-EBC72993D3A5}.Debug|Mixed Platforms.Build.0 = Debug|Win32
		{00D0B578-DD9D-41E3-9ED2-EBC72993D3A5}.Debug|Win32.ActiveCfg = Debug|Win32
		{00D0B578-DD9D-41E3-9ED2-EBC72993D3A5}.Debug|Win32.Build.0 = Debug|Win32
		{00D0B578-DD9D-41E3-9ED2-EBC72993D3A5}.Debug|x64.ActiveCfg = Debug|Win32
		{00D0B578-DD9D-41E3-9ED2-EBC72993D3A5}.Debug|x86.ActiveCfg = Debug|Win32
		{00D0B578-DD9D-41E3-9ED2-EBC72993D3A5}.Debug|x86.Build.0 = Debug|Win32
		{00D0B578-DD9D-41E3-9ED2-EBC72993D3A5}.Release|Any CPU.ActiveCfg = Release|Win32
		{00D0B578-DD9D-41E3-9ED2-EBC72993D3A5}.Release|ARM.ActiveCfg = Release|Win32
		{00D0B578-DD9D-41E3-9ED2-EBC72993D3A5}.Release|Mixed Platforms.ActiveCfg = Release|Win32
		{00D0B578-DD9D-41E3-9ED2-EBC72993D3A5}.Release|Mixed Platforms.Build.0 = Release|Win32
		{00D0B578-DD9D-41E3-9ED2-EBC72993D3A5}.Release|Win32.ActiveCfg = Release|Win32
		{00D0B578-DD9D-41E3-9ED2-EBC72993D3A5}.Release|Win32.Build.0 = Release|Win32
		{00D0B578-DD9D-41E3-9ED2-EBC72993D3A5}.Release|x64.ActiveCfg = Release|Win32
		{00D0B578-DD9D-41E3-9ED2-EBC72993D3A5}.Release|x86.ActiveCfg = Release|Win32
		{00D0B578-DD9D-41E3-9ED2-EBC72993D3A5}.Release|x86.Build.0 = Release|Win32
		{F8F4278F-4E6D-4E57-BF0E-56EF5AA165F7}.Debug|Any CPU.ActiveCfg = Debug|Win32
		{F8F4278F-4E6D-4E57-BF0E-56EF5AA165F7}.Debug|ARM.ActiveCfg = Debug|Win32
		{F8F4278F-4E6D-4E57-BF0E-56EF5AA165F7}.Debug|Mixed Platforms.ActiveCfg = Debug|Win32
		{F8F4278F-4E6D-4E57-BF0E-56EF5AA165F7}.Debug|Mixed Platforms.Build.0 = Debug|Win32
		{F8F4278F-4E6D-4E57-BF0E-56EF5AA165F7}.Debug|Win32.ActiveCfg = Debug|Win32
		{F8F4278F-4E6D-4E57-BF0E-56EF5AA165F7}.Debug|Win32.Build.0 = Debug|Win32
		{F8F4278F-4E6D-4E57-BF0E-56EF5AA165F7}.Debug|x64.ActiveCfg = Debug|Win32
		{F8F4278F-4E6D-4E57-BF0E-56EF5AA165F7}.Debug|x86.ActiveCfg = Debug|Win32
		{F8F4278F-4E6D-4E57-BF0E-56EF5AA165F7}.Debug|x86.Build.0 = Debug|Win32
		{F8F4278F-4E6D-4E57-BF0E-56EF5AA165F7}.Release|Any CPU.ActiveCfg = Release|Win32
		{F8F4278F-4E6D-4E57-BF0E-56EF5AA165F7}.Release|ARM.ActiveCfg = Release|Win32
		{F8F4278F-4E6D-4E57-BF0E-56EF5AA165F7}.Release|Mixed Platforms.ActiveCfg = Release|Win32
		{F8F4278F-4E6D-4E57-BF0E-56EF5AA165F7}.Release|Mixed Platforms.Build.0 = Release|Win32
		{F8F4278F-4E6D-4E57-BF0E-56EF5AA165F7}.Release|Win32.ActiveCfg = Release|Win32
		{F8F4278F-4E6D-4E57-BF0E-56EF5AA165F7}.Release|Win32.Build.0 = Release|Win32
		{F8F4278F-4E6D-4E57-BF0E-56EF5AA165F7}.Release|x64.ActiveCfg = Release|Win32
		{F8F4278F-4E6D-4E57-BF0E-56EF5AA165F7}.Release|x86.ActiveCfg = Release|Win32
		{F8F4278F-4E6D-4E57-BF0E-56EF5AA165F7}.Release|x86.Build.0 = Release|Win32
		{B380E897-11CA-42F3-BE03-7FE237F85F06}.Debug|Any CPU.ActiveCfg = Debug|Win32
		{B380E897-11CA-42F3-BE03-7FE237F85F06}.Debug|ARM.ActiveCfg = Debug|Win32
		{B380E897-11CA-42F3-BE03-7FE237F85F06}.Debug|Mixed Platforms.ActiveCfg = Debug|Win32
		{B380E897-11CA-42F3-BE03-7FE237F85F06}.Debug|Mixed Platforms.Build.0 = Debug|Win32
		{B380E897-11CA-42F3-BE03-7FE237F85F06}.Debug|Win32.ActiveCfg = Debug|Win32
		{B380E897-11CA-42F3-BE03-7FE237F85F06}.Debug|Win32.Build.0 = Debug|Win32
		{B380E897-11CA-42F3-BE03-7FE237F85F06}.Debug|x64.ActiveCfg = Debug|Win32
		{B380E897-11CA-42F3-BE03-7FE237F85F06}.Debug|x86.ActiveCfg = Debug|Win32
		{B380E897-11CA-42F3-BE03-7FE237F85F06}.Debug|x86.Build.0 = Debug|Win32
		{B380E897-11CA-42F3-BE03-7FE237F85F06}.Release|Any CPU.ActiveCfg = Release|Win32
		{B380E897-11CA-42F3-BE03-7FE237F85F06}.Release|ARM.ActiveCfg = Release|Win32
		{B380E897-11CA-42F3-BE03-7FE237F85F06}.Release|Mixed Platforms.ActiveCfg = Release|Win32
		{B380E897-11CA-42F3-BE03-7FE237F85F06}.Release|Mixed Platforms.Build.0 = Release|Win32
		{B380E897-11CA-42F3-BE03-7FE237F85F06}.Release|Win32.ActiveCfg = Release|Win32
		{B380E897-11CA-42F3-BE03-7FE237F85F06}.Release|Win32.Build.0 = Release|Win32
		{B380E897-11CA-42F3-BE03-7FE237F85F06}.Release|x64.ActiveCfg = Release|Win32
		{B380E897-11CA-42F3-BE03-7FE237F85F06}.Release|x86.ActiveCfg = Release|Win32
		{B380E897-11CA-42F3-BE03-7FE237F85F06}.Release|x86.Build.0 = Release|Win32
		{73EBABD0-D4AA-4F06-9B7B-B3050626ACFD}.Debug|Any CPU.ActiveCfg = Debug|Any CPU
		{73EBABD0-D4AA-4F06-9B7B-B3050626ACFD}.Debug|Any CPU.Build.0 = Debug|Any CPU
		{73EBABD0-D4AA-4F06-9B7B-B3050626ACFD}.Debug|ARM.ActiveCfg = Debug|Any CPU
		{73EBABD0-D4AA-4F06-9B7B-B3050626ACFD}.Debug|Mixed Platforms.ActiveCfg = Debug|Any CPU
		{73EBABD0-D4AA-4F06-9B7B-B3050626ACFD}.Debug|Mixed Platforms.Build.0 = Debug|Any CPU
		{73EBABD0-D4AA-4F06-9B7B-B3050626ACFD}.Debug|Win32.ActiveCfg = Debug|Any CPU
		{73EBABD0-D4AA-4F06-9B7B-B3050626ACFD}.Debug|x64.ActiveCfg = Debug|Any CPU
		{73EBABD0-D4AA-4F06-9B7B-B3050626ACFD}.Debug|x86.ActiveCfg = Debug|Any CPU
		{73EBABD0-D4AA-4F06-9B7B-B3050626ACFD}.Release|Any CPU.ActiveCfg = Release|Any CPU
		{73EBABD0-D4AA-4F06-9B7B-B3050626ACFD}.Release|Any CPU.Build.0 = Release|Any CPU
		{73EBABD0-D4AA-4F06-9B7B-B3050626ACFD}.Release|ARM.ActiveCfg = Release|Any CPU
		{73EBABD0-D4AA-4F06-9B7B-B3050626ACFD}.Release|Mixed Platforms.ActiveCfg = Release|Any CPU
		{73EBABD0-D4AA-4F06-9B7B-B3050626ACFD}.Release|Mixed Platforms.Build.0 = Release|Any CPU
		{73EBABD0-D4AA-4F06-9B7B-B3050626ACFD}.Release|Win32.ActiveCfg = Release|Any CPU
		{73EBABD0-D4AA-4F06-9B7B-B3050626ACFD}.Release|x64.ActiveCfg = Release|Any CPU
		{73EBABD0-D4AA-4F06-9B7B-B3050626ACFD}.Release|x86.ActiveCfg = Release|Any CPU
	EndGlobalSection
	GlobalSection(SolutionProperties) = preSolution
		HideSolutionNode = FALSE
	EndGlobalSection
EndGlobal
